
Microsoft Visual Studio Solution File, Format Version 12.00
# Visual Studio Version 16
VisualStudioVersion = 16.0.30225.117
MinimumVisualStudioVersion = 10.0.40219.1
Project("{FAE04EC0-301F-11D3-BF4B-00C04F79EFBC}") = "MyBlazorApp.Server", "Server\MyBlazorApp.Server.csproj", "{C7C1A7EF-E664-4841-879F-4022501965CF}"
EndProject
Project("{FAE04EC0-301F-11D3-BF4B-00C04F79EFBC}") = "MyBlazorApp.Client", "Client\MyBlazorApp.Client.csproj", "{1B9C13A1-824D-4D5B-B3E0-7F3F2C3A746C}"
EndProject
Project("{FAE04EC0-301F-11D3-BF4B-00C04F79EFBC}") = "MyBlazorApp.Shared", "Shared\MyBlazorApp.Shared.csproj", "{2E88337D-BF21-41EA-8EE3-11ADDF10BDD0}"
EndProject
Global
	GlobalSection(SolutionConfigurationPlatforms) = preSolution
		Debug|Any CPU = Debug|Any CPU
		Release|Any CPU = Release|Any CPU
	EndGlobalSection
	GlobalSection(ProjectConfigurationPlatforms) = postSolution
		{C7C1A7EF-E664-4841-879F-4022501965CF}.Debug|Any CPU.ActiveCfg = Debug|Any CPU
		{C7C1A7EF-E664-4841-879F-4022501965CF}.Debug|Any CPU.Build.0 = Debug|Any CPU
		{C7C1A7EF-E664-4841-879F-4022501965CF}.Release|Any CPU.ActiveCfg = Release|Any CPU
		{C7C1A7EF-E664-4841-879F-4022501965CF}.Release|Any CPU.Build.0 = Release|Any CPU
		{1B9C13A1-824D-4D5B-B3E0-7F3F2C3A746C}.Debug|Any CPU.ActiveCfg = Debug|Any CPU
		{1B9C13A1-824D-4D5B-B3E0-7F3F2C3A746C}.Debug|Any CPU.Build.0 = Debug|Any CPU
		{1B9C13A1-824D-4D5B-B3E0-7F3F2C3A746C}.Release|Any CPU.ActiveCfg = Release|Any CPU
		{1B9C13A1-824D-4D5B-B3E0-7F3F2C3A746C}.Release|Any CPU.Build.0 = Release|Any CPU
		{2E88337D-BF21-41EA-8EE3-11ADDF10BDD0}.Debug|Any CPU.ActiveCfg = Debug|Any CPU
		{2E88337D-BF21-41EA-8EE3-11ADDF10BDD0}.Debug|Any CPU.Build.0 = Debug|Any CPU
		{2E88337D-BF21-41EA-8EE3-11ADDF10BDD0}.Release|Any CPU.ActiveCfg = Release|Any CPU
		{2E88337D-BF21-41EA-8EE3-11ADDF10BDD0}.Release|Any CPU.Build.0 = Release|Any CPU
	EndGlobalSection
	GlobalSection(SolutionProperties) = preSolution
		HideSolutionNode = FALSE
	EndGlobalSection
	GlobalSection(ExtensibilityGlobals) = postSolution
		SolutionGuid = {64419AA4-FAC6-42B6-B17D-395B4173B570}
	EndGlobalSection
EndGlobal
